
Microsoft Visual Studio Solution File, Format Version 12.00
# Visual Studio 2013
VisualStudioVersion = 12.0.20617.1 PREVIEW
MinimumVisualStudioVersion = 10.0.40219.1
Project("{FAE04EC0-301F-11D3-BF4B-00C04F79EFBC}") = "AppDomainLoading", "AppDomainLoading\AppDomainLoading.csproj", "{A201489B-0CBC-4606-BD8C-78B8326A8988}"
	ProjectSection(ProjectDependencies) = postProject
		{B20349BE-5DA4-4611-B60C-8B09D7487EE2} = {B20349BE-5DA4-4611-B60C-8B09D7487EE2}
	EndProjectSection
EndProject
Project("{FAE04EC0-301F-11D3-BF4B-00C04F79EFBC}") = "AppDomainLoading.Web", "AppDomainLoading.Web\AppDomainLoading.Web.csproj", "{B20349BE-5DA4-4611-B60C-8B09D7487EE2}"
EndProject
Project("{FAE04EC0-301F-11D3-BF4B-00C04F79EFBC}") = "AppDomainLoading.Autonomous", "AppDomainLoading.Autonomous\AppDomainLoading.Autonomous.csproj", "{D836822A-58E2-479D-B7CC-117D78A93C88}"
EndProject
Global
	GlobalSection(SolutionConfigurationPlatforms) = preSolution
		Debug|Any CPU = Debug|Any CPU
		Release|Any CPU = Release|Any CPU
	EndGlobalSection
	GlobalSection(ProjectConfigurationPlatforms) = postSolution
		{A201489B-0CBC-4606-BD8C-78B8326A8988}.Debug|Any CPU.ActiveCfg = Debug|Any CPU
		{A201489B-0CBC-4606-BD8C-78B8326A8988}.Debug|Any CPU.Build.0 = Debug|Any CPU
		{A201489B-0CBC-4606-BD8C-78B8326A8988}.Release|Any CPU.ActiveCfg = Release|Any CPU
		{A201489B-0CBC-4606-BD8C-78B8326A8988}.Release|Any CPU.Build.0 = Release|Any CPU
		{B20349BE-5DA4-4611-B60C-8B09D7487EE2}.Debug|Any CPU.ActiveCfg = Debug|Any CPU
		{B20349BE-5DA4-4611-B60C-8B09D7487EE2}.Debug|Any CPU.Build.0 = Debug|Any CPU
		{B20349BE-5DA4-4611-B60C-8B09D7487EE2}.Release|Any CPU.ActiveCfg = Release|Any CPU
		{B20349BE-5DA4-4611-B60C-8B09D7487EE2}.Release|Any CPU.Build.0 = Release|Any CPU
		{D836822A-58E2-479D-B7CC-117D78A93C88}.Debug|Any CPU.ActiveCfg = Debug|Any CPU
		{D836822A-58E2-479D-B7CC-117D78A93C88}.Debug|Any CPU.Build.0 = Debug|Any CPU
		{D836822A-58E2-479D-B7CC-117D78A93C88}.Release|Any CPU.ActiveCfg = Release|Any CPU
		{D836822A-58E2-479D-B7CC-117D78A93C88}.Release|Any CPU.Build.0 = Release|Any CPU
	EndGlobalSection
	GlobalSection(SolutionProperties) = preSolution
		HideSolutionNode = FALSE
	EndGlobalSection
EndGlobal
